
Microsoft Visual Studio Solution File, Format Version 12.00
# Visual Studio 15
Project("{FAE04EC0-301F-11D3-BF4B-00C04F79EFBC}") = "Assembly-CSharp", "Assembly-CSharp.csproj", "{A1D4A079-0C05-70A7-712A-B1F9409D55B4}"
EndProject
Project("{FAE04EC0-301F-11D3-BF4B-00C04F79EFBC}") = "Assembly-CSharp-Editor", "Assembly-CSharp-Editor.csproj", "{D2D9B0FC-754C-C651-FC0E-8E7E040034E7}"
EndProject
Global
	GlobalSection(SolutionConfigurationPlatforms) = preSolution
		Debug|Any CPU = Debug|Any CPU
		Release|Any CPU = Release|Any CPU
	EndGlobalSection
	GlobalSection(ProjectConfigurationPlatforms) = postSolution
		{A1D4A079-0C05-70A7-712A-B1F9409D55B4}.Debug|Any CPU.ActiveCfg = Debug|Any CPU
		{A1D4A079-0C05-70A7-712A-B1F9409D55B4}.Debug|Any CPU.Build.0 = Debug|Any CPU
		{A1D4A079-0C05-70A7-712A-B1F9409D55B4}.Release|Any CPU.ActiveCfg = Release|Any CPU
		{A1D4A079-0C05-70A7-712A-B1F9409D55B4}.Release|Any CPU.Build.0 = Release|Any CPU
		{D2D9B0FC-754C-C651-FC0E-8E7E040034E7}.Debug|Any CPU.ActiveCfg = Debug|Any CPU
		{D2D9B0FC-754C-C651-FC0E-8E7E040034E7}.Debug|Any CPU.Build.0 = Debug|Any CPU
		{D2D9B0FC-754C-C651-FC0E-8E7E040034E7}.Release|Any CPU.ActiveCfg = Release|Any CPU
		{D2D9B0FC-754C-C651-FC0E-8E7E040034E7}.Release|Any CPU.Build.0 = Release|Any CPU
	EndGlobalSection
	GlobalSection(SolutionProperties) = preSolution
		HideSolutionNode = FALSE
	EndGlobalSection
EndGlobal
